{
  "lockfileVersion": 2,
  "configVersion": 1,
  "workspaces": {
    "": {
      "name": "bun-rust-runtime-bench",
      "dependencies": {
        "cookie-es": "^3.1.1",
        "crc-32": "^1.2.2",
        "fast-json-patch": "^3.1.1",
        "find-my-way": "^9.7.0",
        "mime-types": "^3.0.2",
        "validator": "^13.15.35",
      },
      "devDependencies": {
        "@types/bun": "^1.3.14",
        "@types/mime-types": "^3.0.1",
        "@types/validator": "^13.15.10",
      },
    },
  },
  "packages": {
    "@types/bun": ["@types/bun@1.3.14", "https://repo.traderverse.net/@types/bun/-/bun-1.3.14.tgz", { "dependencies": { "bun-types": "1.3.14" } }, "sha512-h1hFqFVcvAvD9j9K7ZW7vd82aSA+rTdznZa+5bwvCwqSB1jmmfLcbIWhOLx1/+boy/xmjgCs/OMUL8hRJSmnPw=="],

    "@types/mime-types": ["@types/mime-types@3.0.1", "https://repo.traderverse.net/@types/mime-types/-/mime-types-3.0.1.tgz", {}, "sha512-xRMsfuQbnRq1Ef+C+RKaENOxXX87Ygl38W1vDfPHRku02TgQr+Qd8iivLtAMcR0KF5/29xlnFihkTlbqFrGOVQ=="],

    "@types/node": ["@types/node@26.1.1", "https://repo.traderverse.net/@types/node/-/node-26.1.1.tgz", { "dependencies": { "undici-types": "~8.3.0" } }, "sha512-nxAkRSVkN1Y0JC1W8ky/fTfkGsMmcrRsbx+3XoZE+rMOX71kLYTV7fLXpqud1GpbpP5TuffXFqfX7fH2GgZREw=="],

    "@types/validator": ["@types/validator@13.15.10", "https://repo.traderverse.net/@types/validator/-/validator-13.15.10.tgz", {}, "sha512-T8L6i7wCuyoK8A/ZeLYt1+q0ty3Zb9+qbSSvrIVitzT3YjZqkTZ40IbRsPanlB4h1QB3JVL1SYCdR6ngtFYcuA=="],

    "bun-types": ["bun-types@1.3.14", "https://repo.traderverse.net/bun-types/-/bun-types-1.3.14.tgz", { "dependencies": { "@types/node": "*" } }, "sha512-4N0ig0fEomHt5R0KCFWjovxow98rIoRwKolrYdCcknNwMekCXRnWEUvgu5soYV8QXtVsrUD8B95MBOZGPvr6KQ=="],

    "cookie-es": ["cookie-es@3.1.1", "https://repo.traderverse.net/cookie-es/-/cookie-es-3.1.1.tgz", {}, "sha512-UaXxwISYJPTr9hwQxMFYZ7kNhSXboMXP+Z3TRX6f1/NyaGPfuNUZOWP1pUEb75B2HjfklIYLVRfWiFZJyC6Npg=="],

    "crc-32": ["crc-32@1.2.2", "https://repo.traderverse.net/crc-32/-/crc-32-1.2.2.tgz", { "bin": { "crc32": "bin/crc32.njs" } }, "sha512-ROmzCKrTnOwybPcJApAA6WBWij23HVfGVNKqqrZpuyZOHqK2CwHSvpGuyt/UNNvaIjEd8X5IFGp4Mh+Ie1IHJQ=="],

    "fast-decode-uri-component": ["fast-decode-uri-component@1.0.1", "https://repo.traderverse.net/fast-decode-uri-component/-/fast-decode-uri-component-1.0.1.tgz", {}, "sha512-WKgKWg5eUxvRZGwW8FvfbaH7AXSh2cL+3j5fMGzUMCxWBJ3dV3a7Wz8y2f/uQ0e3B6WmodD3oS54jTQ9HVTIIg=="],

    "fast-deep-equal": ["fast-deep-equal@3.1.3", "https://repo.traderverse.net/fast-deep-equal/-/fast-deep-equal-3.1.3.tgz", {}, "sha512-f3qQ9oQy9j2AhBe/H9VC91wLmKBCCU/gDOnKNAYG5hswO7BLKj09Hc5HYNz9cGI++xlpDCIgDaitVs03ATR84Q=="],

    "fast-json-patch": ["fast-json-patch@3.1.1", "https://repo.traderverse.net/fast-json-patch/-/fast-json-patch-3.1.1.tgz", {}, "sha512-vf6IHUX2SBcA+5/+4883dsIjpBTqmfBjmYiWK1savxQmFk4JfBMLa7ynTYOs1Rolp/T1betJxHiGD3g1Mn8lUQ=="],

    "fast-querystring": ["fast-querystring@1.1.2", "https://repo.traderverse.net/fast-querystring/-/fast-querystring-1.1.2.tgz", { "dependencies": { "fast-decode-uri-component": "^1.0.1" } }, "sha512-g6KuKWmFXc0fID8WWH0jit4g0AGBoJhCkJMb1RmbsSEUNvQ+ZC8D6CUZ+GtF8nMzSPXnhiePyyqqipzNNEnHjg=="],

    "find-my-way": ["find-my-way@9.7.0", "https://repo.traderverse.net/find-my-way/-/find-my-way-9.7.0.tgz", { "dependencies": { "fast-deep-equal": "^3.1.3", "fast-querystring": "^1.0.0", "safe-regex2": "^5.0.0" } }, "sha512-f2JHn75x2JlwUwLenZypgczR7YWMb/uO9BvUXtus+JMgkbIkLADd38cI4EiV+OQqrGo1Zlq6V8wnqMJ8e62wUQ=="],

    "mime-db": ["mime-db@1.54.0", "https://repo.traderverse.net/mime-db/-/mime-db-1.54.0.tgz", {}, "sha512-aU5EJuIN2WDemCcAp2vFBfp/m4EAhWJnUNSSw0ixs7/kXbd6Pg64EmwJkNdFhB8aWt1sH2CTXrLxo/iAGV3oPQ=="],

    "mime-types": ["mime-types@3.0.2", "https://repo.traderverse.net/mime-types/-/mime-types-3.0.2.tgz", { "dependencies": { "mime-db": "^1.54.0" } }, "sha512-Lbgzdk0h4juoQ9fCKXW4by0UJqj+nOOrI9MJ1sSj4nI8aI2eo1qmvQEie4VD1glsS250n15LsWsYtCugiStS5A=="],

    "ret": ["ret@0.5.0", "https://repo.traderverse.net/ret/-/ret-0.5.0.tgz", {}, "sha512-I1XxrZSQ+oErkRR4jYbAyEEu2I0avBvvMM5JN+6EBprOGRCs63ENqZ3vjavq8fBw2+62G5LF5XelKwuJpcvcxw=="],

    "safe-regex2": ["safe-regex2@5.1.1", "https://repo.traderverse.net/safe-regex2/-/safe-regex2-5.1.1.tgz", { "dependencies": { "ret": "~0.5.0" }, "bin": { "safe-regex2": "bin/safe-regex2.js" } }, "sha512-mOSBvHGDZMuIEZMdOz/aCEYDCv0E7nfcNsIhUF+/P+xC7Hyf3FkvymqgPbg9D1EdSGu+uKbJgy09K/RKKc7kJA=="],

    "undici-types": ["undici-types@8.3.0", "https://repo.traderverse.net/undici-types/-/undici-types-8.3.0.tgz", {}, "sha512-j375ScV60dom+YkPFIfTLcOiPxkN/buHz5GobjLhixFuANaNs3C9l4GmrWqejgXWJ7BbJcFYpTEUkS1Ge8bpZQ=="],

    "validator": ["validator@13.15.35", "https://repo.traderverse.net/validator/-/validator-13.15.35.tgz", {}, "sha512-TQ5pAGhd5whStmqWvYF4OjQROlmv9SMFVt37qoCBdqRffuuklWYQlCNnEs2ZaIBD1kZRNnikiZOS1eqgkar0iw=="],
  }
}
